github.com/uhppoted/uhppote-core v0.8.2-0.20220809163547-e7090d5b0fd4 h1:7KK6/h81LkDNdHO+rO0EClDngODNh2NtD90MvB1kZIg=
github.com/uhppoted/uhppote-core v0.8.2-0.20220809163547-e7090d5b0fd4/go.mod h1:DsKVqUqHPQoZx4C4qp0fmYuyDXfFH8k+ejTriM9pOE4=
github.com/uhppoted/uhppoted-lib v0.8.0 h1:TYG69u1+MhKW3x2dnF5q5WwjiEbTIkGG3bLz7TBxCr8=
github.com/uhppoted/uhppoted-lib v0.8.0/go.mod h1:+6t4CCOf5uZAJwkWs/xGRG3WxpZOVFnwkSMmJr2gaXE=
golang.org/x/sys v0.0.0-20220627191245-f75cf1eec38b h1:2n253B2r0pYSmEV+UNCQoPfU/FiaizQEK5Gu4Bq4JE8=
golang.org/x/sys v0.0.0-20220627191245-f75cf1eec38b/go.mod h1:oPkhp1MJrh7nUepCBck5+mAzfO9JrbApNNgaTdGDITg=
