github.com/uhppoted/uhppote-core v0.8.5-0.20230323171731-26d6b35fc663 h1:uQg149umetub2/TdvBM/mqpJ9L5ptzvThCflWBUVQOQ=
github.com/uhppoted/uhppote-core v0.8.5-0.20230323171731-26d6b35fc663/go.mod h1:q3xZZc7GMkCfpVnKNmdoZQDjvMHfPvH79VNai7HDH3s=
github.com/uhppoted/uhppoted-lib v0.8.5-0.20230323173011-5c3342984117 h1:vMbM9QOAoETIgyiEIuDFXfoWSbg00pjgjtHtKYKRlpk=
github.com/uhppoted/uhppoted-lib v0.8.5-0.20230323173011-5c3342984117/go.mod h1:PKx2myFWQv/1f3/7rJ4hhLh7PxhKytMvyV9j8SZScw0=
golang.org/x/sys v0.6.0 h1:MVltZSvRTcU2ljQOhs94SXPftV6DCNnZViHeQps87pQ=
golang.org/x/sys v0.6.0/go.mod h1:oPkhp1MJrh7nUepCBck5+mAzfO9JrbApNNgaTdGDITg=
