github.com/uhppoted/uhppote-core v0.8.4-0.20230216175650-be963131d496 h1:cRc3equKMdLtocEEAIqr4WSSxenS8OpVsEtfkgyGYCw=
github.com/uhppoted/uhppote-core v0.8.4-0.20230216175650-be963131d496/go.mod h1:q3xZZc7GMkCfpVnKNmdoZQDjvMHfPvH79VNai7HDH3s=
github.com/uhppoted/uhppoted-lib v0.8.4-0.20230214181359-7f5b2f8c0fab h1:C349ffmTx//tjiOohNL2uqgjhpKpsYk/MMVMPYyhsjM=
github.com/uhppoted/uhppoted-lib v0.8.4-0.20230214181359-7f5b2f8c0fab/go.mod h1:991g4t+Z85FlYVF3J9LidwW7t+SwyjrVUR6yXfiqOPk=
golang.org/x/sys v0.5.0 h1:MUK/U/4lj1t1oPg0HfuXDN/Z1wv31ZJ/YcPiGccS4DU=
golang.org/x/sys v0.5.0/go.mod h1:oPkhp1MJrh7nUepCBck5+mAzfO9JrbApNNgaTdGDITg=
